Microsoft Visual Studio Solution File, Format Version 12.00
# Visual Studio Version 17
VisualStudioVersion = 17.0.31612.314
MinimumVisualStudioVersion = 10.0.40219.1
Project("{2150E333-8FDC-42A3-9474-1A3956D46DE8}") = "src", "src", "{8DD0DD96-C482-49D0-BF12-97D6F33CBC87}"
EndProject
Project("{9A19103F-16F7-4668-BE54-9A1E7A4F7556}") = "MyApplication", "src\MyApplication\MyApplication.csproj", "{31FEEB9C-C73D-4626-961E-780CBD0E3B38}"
EndProject
Global
	GlobalSection(SolutionConfigurationPlatforms) = preSolution
		Debug|Any CPU = Debug|Any CPU
		Release|Any CPU = Release|Any CPU
	EndGlobalSection
	GlobalSection(ProjectConfigurationPlatforms) = postSolution
		{31FEEB9C-C73D-4626-961E-780CBD0E3B38}.Debug|Any CPU.ActiveCfg = Debug|Any CPU
		{31FEEB9C-C73D-4626-961E-780CBD0E3B38}.Debug|Any CPU.Build.0 = Debug|Any CPU
		{31FEEB9C-C73D-4626-961E-780CBD0E3B38}.Release|Any CPU.ActiveCfg = Release|Any CPU
		{31FEEB9C-C73D-4626-961E-780CBD0E3B38}.Release|Any CPU.Build.0 = Release|Any CPU
	EndGlobalSection
	GlobalSection(SolutionProperties) = preSolution
		HideSolutionNode = FALSE
	EndGlobalSection
	GlobalSection(NestedProjects) = preSolution
		{31FEEB9C-C73D-4626-961E-780CBD0E3B38} = {8DD0DD96-C482-49D0-BF12-97D6F33CBC87}
	EndGlobalSection
	GlobalSection(ExtensibilityGlobals) = postSolution
		SolutionGuid = {008D5772-B49B-4BDD-96EC-AACD3AF4005B}
	EndGlobalSection
EndGlobal
